
Microsoft Visual Studio Solution File, Format Version 12.00
# Visual Studio 2013
VisualStudioVersion = 12.0.30501.0
MinimumVisualStudioVersion = 10.0.40219.1
Project("{FAE04EC0-301F-11D3-BF4B-00C04F79EFBC}") = "PhysicsAssignment", "PhysicsAssignment\PhysicsAssignment.csproj", "{06654FD5-8457-403F-B7C7-4A08DAE48713}"
EndProject
Project("{FAE04EC0-301F-11D3-BF4B-00C04F79EFBC}") = "DebugView MonoGame", "..\..\..\academic\Game Design\Farseer Physics Engine 3.5 Samples\Farseer Physics DebugView 3.5\DebugView MonoGame.csproj", "{566F1803-90B5-4947-8730-57F092FBB002}"
EndProject
Project("{FAE04EC0-301F-11D3-BF4B-00C04F79EFBC}") = "Samples MonoGame", "..\..\..\academic\Game Design\Farseer Physics Engine 3.5 Samples\Farseer Physics Samples 3.5\Samples MonoGame.csproj", "{2ACA1733-86AF-404D-B8DB-333990D68DCE}"
EndProject
Project("{FAE04EC0-301F-11D3-BF4B-00C04F79EFBC}") = "GameName1", "..\..\..\academic\Game Design\PhysicsTest\GameName1\GameName1\GameName1.csproj", "{85EBB567-0847-4CFD-BFD0-F2F80F33E1AC}"
EndProject
Global
	GlobalSection(SolutionConfigurationPlatforms) = preSolution
		Debug|x86 = Debug|x86
		Release|x86 = Release|x86
	EndGlobalSection
	GlobalSection(ProjectConfigurationPlatforms) = postSolution
		{06654FD5-8457-403F-B7C7-4A08DAE48713}.Debug|x86.ActiveCfg = Debug|x86
		{06654FD5-8457-403F-B7C7-4A08DAE48713}.Debug|x86.Build.0 = Debug|x86
		{06654FD5-8457-403F-B7C7-4A08DAE48713}.Release|x86.ActiveCfg = Release|x86
		{06654FD5-8457-403F-B7C7-4A08DAE48713}.Release|x86.Build.0 = Release|x86
		{566F1803-90B5-4947-8730-57F092FBB002}.Debug|x86.ActiveCfg = Debug|x86
		{566F1803-90B5-4947-8730-57F092FBB002}.Debug|x86.Build.0 = Debug|x86
		{566F1803-90B5-4947-8730-57F092FBB002}.Release|x86.ActiveCfg = Release|x86
		{566F1803-90B5-4947-8730-57F092FBB002}.Release|x86.Build.0 = Release|x86
		{2ACA1733-86AF-404D-B8DB-333990D68DCE}.Debug|x86.ActiveCfg = Debug|x86
		{2ACA1733-86AF-404D-B8DB-333990D68DCE}.Debug|x86.Build.0 = Debug|x86
		{2ACA1733-86AF-404D-B8DB-333990D68DCE}.Release|x86.ActiveCfg = Release|x86
		{2ACA1733-86AF-404D-B8DB-333990D68DCE}.Release|x86.Build.0 = Release|x86
		{85EBB567-0847-4CFD-BFD0-F2F80F33E1AC}.Debug|x86.ActiveCfg = Debug|x86
		{85EBB567-0847-4CFD-BFD0-F2F80F33E1AC}.Debug|x86.Build.0 = Debug|x86
		{85EBB567-0847-4CFD-BFD0-F2F80F33E1AC}.Release|x86.ActiveCfg = Release|x86
		{85EBB567-0847-4CFD-BFD0-F2F80F33E1AC}.Release|x86.Build.0 = Release|x86
	EndGlobalSection
	GlobalSection(SolutionProperties) = preSolution
		HideSolutionNode = FALSE
	EndGlobalSection
EndGlobal
